
Microsoft Visual Studio Solution File, Format Version 12.00
# Visual Studio 2012
Project("{2150E333-8FDC-42A3-9474-1A3956D46DE8}") = "UI", "UI", "{0E1A63CA-FC64-4488-875B-F8C1905F40EB}"
EndProject
Project("{FAE04EC0-301F-11D3-BF4B-00C04F79EFBC}") = "TEMPUS.WebSite", "UI\TEMPUS.WebSite\TEMPUS.WebSite.csproj", "{C58BD1C8-ED99-44BE-AB98-17B4FF26F884}"
EndProject
Project("{2150E333-8FDC-42A3-9474-1A3956D46DE8}") = "UserDomain", "UserDomain", "{8A518120-60F6-437C-84DA-9A7919720C2F}"
EndProject
Project("{2150E333-8FDC-42A3-9474-1A3956D46DE8}") = "BaseDomain", "BaseDomain", "{49E06036-2BF0-4EB7-A973-4DFADAF9EFC3}"
EndProject
Project("{2150E333-8FDC-42A3-9474-1A3956D46DE8}") = "Services", "Services", "{266389EC-E9C5-492D-B6D3-D1A23834FC1A}"
EndProject
Project("{FAE04EC0-301F-11D3-BF4B-00C04F79EFBC}") = "TEMPUS.UserDomain.Services", "UserDomain\Services\TEMPUS.UserDomain.Services.csproj", "{7A7E19C4-4420-4581-95B7-1D939A371694}"
EndProject
Project("{2150E333-8FDC-42A3-9474-1A3956D46DE8}") = "Infrastructure", "Infrastructure", "{A4018251-0B57-4832-BE57-22711CE13A38}"
EndProject
Project("{2150E333-8FDC-42A3-9474-1A3956D46DE8}") = "Model", "Model", "{1F2D643C-C138-4A0A-8ACB-4A089193A216}"
EndProject
Project("{FAE04EC0-301F-11D3-BF4B-00C04F79EFBC}") = "TEMPUS.UserDomain.Model", "UserDomain\Model\TEMPUS.UserDomain.Model.csproj", "{D97EFFF6-0BB8-41A5-A3FA-0A8219772303}"
EndProject
Project("{FAE04EC0-301F-11D3-BF4B-00C04F79EFBC}") = "TEMPUS.UserDomain.Infrastructure", "UserDomain\Infrastructure\TEMPUS.UserDomain.Infrastructure.csproj", "{F20861AA-D330-4BFB-9ACE-54D88D53818C}"
EndProject
Project("{2150E333-8FDC-42A3-9474-1A3956D46DE8}") = "Model", "Model", "{4D3F8FE4-3388-41A7-9033-16271A4E80C8}"
EndProject
Project("{FAE04EC0-301F-11D3-BF4B-00C04F79EFBC}") = "TEMPUS.BaseDomain.Model", "BaseDomain\Model\TEMPUS.BaseDomain.Model.csproj", "{D7D5DADB-F732-4535-810E-92F91D0C28DB}"
EndProject
Project("{2150E333-8FDC-42A3-9474-1A3956D46DE8}") = "Messages", "Messages", "{2B62F5FE-02AD-49C7-8B43-2010F52F7300}"
EndProject
Project("{FAE04EC0-301F-11D3-BF4B-00C04F79EFBC}") = "TEMPUS.BaseDomain.Messages", "BaseDomain\Messages\TEMPUS.BaseDomain.Messages.csproj", "{4363D55F-33EC-4C1E-AA68-B59C5C1CFC5A}"
EndProject
Project("{2150E333-8FDC-42A3-9474-1A3956D46DE8}") = "Infrastructure", "Infrastructure", "{DA65E6C5-89A9-4A05-AB6C-CD69E82FF5B1}"
EndProject
Project("{FAE04EC0-301F-11D3-BF4B-00C04F79EFBC}") = "TEMPUS.BaseDomain.Infrastructure", "BaseDomain\Infrastructure\TEMPUS.BaseDomain.Infrastructure.csproj", "{5D39BEE1-2343-4F47-B797-A452E5938B44}"
EndProject
Project("{2150E333-8FDC-42A3-9474-1A3956D46DE8}") = "Lib", "Lib", "{96DCC2A8-3C3D-4DBE-B0A9-02B539F10468}"
	ProjectSection(SolutionItems) = preProject
		Lib\MessageContracts.dll = Lib\MessageContracts.dll
		Lib\Microsoft.Practices.Unity.dll = Lib\Microsoft.Practices.Unity.dll
		Lib\Microsoft.Practices.Unity.pdb = Lib\Microsoft.Practices.Unity.pdb
		Lib\Microsoft.Practices.Unity.xml = Lib\Microsoft.Practices.Unity.xml
	EndProjectSection
EndProject
Project("{2150E333-8FDC-42A3-9474-1A3956D46DE8}") = ".nuget", ".nuget", "{B0CF76BB-36BA-41BC-AD67-B00FC6090461}"
	ProjectSection(SolutionItems) = preProject
		.nuget\NuGet.Config = .nuget\NuGet.Config
		.nuget\NuGet.exe = .nuget\NuGet.exe
		.nuget\NuGet.targets = .nuget\NuGet.targets
	EndProjectSection
EndProject
Project("{FAE04EC0-301F-11D3-BF4B-00C04F79EFBC}") = "TEMPUS.BaseDomain.Messages.Dsl", "BaseDomain\Messages.Dsl\TEMPUS.BaseDomain.Messages.Dsl.csproj", "{3070E738-4957-47D3-900C-1DBF6DE12244}"
EndProject
Project("{2150E333-8FDC-42A3-9474-1A3956D46DE8}") = "UtilityComponents", "UtilityComponents", "{99432040-7C75-410D-9657-5DAE5353557E}"
EndProject
Project("{FAE04EC0-301F-11D3-BF4B-00C04F79EFBC}") = "TEMPUS.Infrastructure", "UtilityComponents\TEMPUS.Infrastructure\TEMPUS.Infrastructure.csproj", "{DB0C9D0F-C8DC-41AC-9BC8-18B38F1FFDAA}"
EndProject
Global
	GlobalSection(SolutionConfigurationPlatforms) = preSolution
		Debug|Any CPU = Debug|Any CPU
		Release|Any CPU = Release|Any CPU
	EndGlobalSection
	GlobalSection(ProjectConfigurationPlatforms) = postSolution
		{C58BD1C8-ED99-44BE-AB98-17B4FF26F884}.Debug|Any CPU.ActiveCfg = Debug|Any CPU
		{C58BD1C8-ED99-44BE-AB98-17B4FF26F884}.Debug|Any CPU.Build.0 = Debug|Any CPU
		{C58BD1C8-ED99-44BE-AB98-17B4FF26F884}.Release|Any CPU.ActiveCfg = Release|Any CPU
		{C58BD1C8-ED99-44BE-AB98-17B4FF26F884}.Release|Any CPU.Build.0 = Release|Any CPU
		{7A7E19C4-4420-4581-95B7-1D939A371694}.Debug|Any CPU.ActiveCfg = Debug|Any CPU
		{7A7E19C4-4420-4581-95B7-1D939A371694}.Debug|Any CPU.Build.0 = Debug|Any CPU
		{7A7E19C4-4420-4581-95B7-1D939A371694}.Release|Any CPU.ActiveCfg = Release|Any CPU
		{7A7E19C4-4420-4581-95B7-1D939A371694}.Release|Any CPU.Build.0 = Release|Any CPU
		{D97EFFF6-0BB8-41A5-A3FA-0A8219772303}.Debug|Any CPU.ActiveCfg = Debug|Any CPU
		{D97EFFF6-0BB8-41A5-A3FA-0A8219772303}.Debug|Any CPU.Build.0 = Debug|Any CPU
		{D97EFFF6-0BB8-41A5-A3FA-0A8219772303}.Release|Any CPU.ActiveCfg = Release|Any CPU
		{D97EFFF6-0BB8-41A5-A3FA-0A8219772303}.Release|Any CPU.Build.0 = Release|Any CPU
		{F20861AA-D330-4BFB-9ACE-54D88D53818C}.Debug|Any CPU.ActiveCfg = Debug|Any CPU
		{F20861AA-D330-4BFB-9ACE-54D88D53818C}.Debug|Any CPU.Build.0 = Debug|Any CPU
		{F20861AA-D330-4BFB-9ACE-54D88D53818C}.Release|Any CPU.ActiveCfg = Release|Any CPU
		{F20861AA-D330-4BFB-9ACE-54D88D53818C}.Release|Any CPU.Build.0 = Release|Any CPU
		{D7D5DADB-F732-4535-810E-92F91D0C28DB}.Debug|Any CPU.ActiveCfg = Debug|Any CPU
		{D7D5DADB-F732-4535-810E-92F91D0C28DB}.Debug|Any CPU.Build.0 = Debug|Any CPU
		{D7D5DADB-F732-4535-810E-92F91D0C28DB}.Release|Any CPU.ActiveCfg = Release|Any CPU
		{D7D5DADB-F732-4535-810E-92F91D0C28DB}.Release|Any CPU.Build.0 = Release|Any CPU
		{4363D55F-33EC-4C1E-AA68-B59C5C1CFC5A}.Debug|Any CPU.ActiveCfg = Debug|Any CPU
		{4363D55F-33EC-4C1E-AA68-B59C5C1CFC5A}.Debug|Any CPU.Build.0 = Debug|Any CPU
		{4363D55F-33EC-4C1E-AA68-B59C5C1CFC5A}.Release|Any CPU.ActiveCfg = Release|Any CPU
		{4363D55F-33EC-4C1E-AA68-B59C5C1CFC5A}.Release|Any CPU.Build.0 = Release|Any CPU
		{5D39BEE1-2343-4F47-B797-A452E5938B44}.Debug|Any CPU.ActiveCfg = Debug|Any CPU
		{5D39BEE1-2343-4F47-B797-A452E5938B44}.Debug|Any CPU.Build.0 = Debug|Any CPU
		{5D39BEE1-2343-4F47-B797-A452E5938B44}.Release|Any CPU.ActiveCfg = Release|Any CPU
		{5D39BEE1-2343-4F47-B797-A452E5938B44}.Release|Any CPU.Build.0 = Release|Any CPU
		{3070E738-4957-47D3-900C-1DBF6DE12244}.Debug|Any CPU.ActiveCfg = Debug|Any CPU
		{3070E738-4957-47D3-900C-1DBF6DE12244}.Debug|Any CPU.Build.0 = Debug|Any CPU
		{3070E738-4957-47D3-900C-1DBF6DE12244}.Release|Any CPU.ActiveCfg = Release|Any CPU
		{3070E738-4957-47D3-900C-1DBF6DE12244}.Release|Any CPU.Build.0 = Release|Any CPU
		{DB0C9D0F-C8DC-41AC-9BC8-18B38F1FFDAA}.Debug|Any CPU.ActiveCfg = Debug|Any CPU
		{DB0C9D0F-C8DC-41AC-9BC8-18B38F1FFDAA}.Debug|Any CPU.Build.0 = Debug|Any CPU
		{DB0C9D0F-C8DC-41AC-9BC8-18B38F1FFDAA}.Release|Any CPU.ActiveCfg = Release|Any CPU
		{DB0C9D0F-C8DC-41AC-9BC8-18B38F1FFDAA}.Release|Any CPU.Build.0 = Release|Any CPU
	EndGlobalSection
	GlobalSection(SolutionProperties) = preSolution
		HideSolutionNode = FALSE
	EndGlobalSection
	GlobalSection(NestedProjects) = preSolution
		{C58BD1C8-ED99-44BE-AB98-17B4FF26F884} = {0E1A63CA-FC64-4488-875B-F8C1905F40EB}
		{266389EC-E9C5-492D-B6D3-D1A23834FC1A} = {8A518120-60F6-437C-84DA-9A7919720C2F}
		{A4018251-0B57-4832-BE57-22711CE13A38} = {8A518120-60F6-437C-84DA-9A7919720C2F}
		{1F2D643C-C138-4A0A-8ACB-4A089193A216} = {8A518120-60F6-437C-84DA-9A7919720C2F}
		{4D3F8FE4-3388-41A7-9033-16271A4E80C8} = {49E06036-2BF0-4EB7-A973-4DFADAF9EFC3}
		{2B62F5FE-02AD-49C7-8B43-2010F52F7300} = {49E06036-2BF0-4EB7-A973-4DFADAF9EFC3}
		{DA65E6C5-89A9-4A05-AB6C-CD69E82FF5B1} = {49E06036-2BF0-4EB7-A973-4DFADAF9EFC3}
		{7A7E19C4-4420-4581-95B7-1D939A371694} = {266389EC-E9C5-492D-B6D3-D1A23834FC1A}
		{F20861AA-D330-4BFB-9ACE-54D88D53818C} = {A4018251-0B57-4832-BE57-22711CE13A38}
		{D97EFFF6-0BB8-41A5-A3FA-0A8219772303} = {1F2D643C-C138-4A0A-8ACB-4A089193A216}
		{D7D5DADB-F732-4535-810E-92F91D0C28DB} = {4D3F8FE4-3388-41A7-9033-16271A4E80C8}
		{4363D55F-33EC-4C1E-AA68-B59C5C1CFC5A} = {2B62F5FE-02AD-49C7-8B43-2010F52F7300}
		{3070E738-4957-47D3-900C-1DBF6DE12244} = {2B62F5FE-02AD-49C7-8B43-2010F52F7300}
		{5D39BEE1-2343-4F47-B797-A452E5938B44} = {DA65E6C5-89A9-4A05-AB6C-CD69E82FF5B1}
		{DB0C9D0F-C8DC-41AC-9BC8-18B38F1FFDAA} = {99432040-7C75-410D-9657-5DAE5353557E}
	EndGlobalSection
EndGlobal
